
Microsoft Visual Studio Solution File, Format Version 12.00
# Visual Studio Version 16
VisualStudioVersion = 16.0.32126.315
MinimumVisualStudioVersion = 10.0.40219.1
Project("{FAE04EC0-301F-11D3-BF4B-00C04F79EFBC}") = "L4", "L4\L4.csproj", "{94887FEB-7F27-48EA-834E-827B5C811927}"
EndProject
Project("{FAE04EC0-301F-11D3-BF4B-00C04F79EFBC}") = "L4Tests", "L4Tests\L4Tests.csproj", "{2531DDD8-2123-4E77-A8E2-950C61E1D968}"
EndProject
Global
	GlobalSection(SolutionConfigurationPlatforms) = preSolution
		Debug|Any CPU = Debug|Any CPU
		Release|Any CPU = Release|Any CPU
	EndGlobalSection
	GlobalSection(ProjectConfigurationPlatforms) = postSolution
		{94887FEB-7F27-48EA-834E-827B5C811927}.Debug|Any CPU.ActiveCfg = Debug|Any CPU
		{94887FEB-7F27-48EA-834E-827B5C811927}.Debug|Any CPU.Build.0 = Debug|Any CPU
		{94887FEB-7F27-48EA-834E-827B5C811927}.Release|Any CPU.ActiveCfg = Release|Any CPU
		{94887FEB-7F27-48EA-834E-827B5C811927}.Release|Any CPU.Build.0 = Release|Any CPU
		{2531DDD8-2123-4E77-A8E2-950C61E1D968}.Debug|Any CPU.ActiveCfg = Debug|Any CPU
		{2531DDD8-2123-4E77-A8E2-950C61E1D968}.Debug|Any CPU.Build.0 = Debug|Any CPU
		{2531DDD8-2123-4E77-A8E2-950C61E1D968}.Release|Any CPU.ActiveCfg = Release|Any CPU
		{2531DDD8-2123-4E77-A8E2-950C61E1D968}.Release|Any CPU.Build.0 = Release|Any CPU
	EndGlobalSection
	GlobalSection(SolutionProperties) = preSolution
		HideSolutionNode = FALSE
	EndGlobalSection
	GlobalSection(ExtensibilityGlobals) = postSolution
		SolutionGuid = {2CF2B8DA-C6ED-4F05-98A6-B525111D680E}
	EndGlobalSection
EndGlobal
